
Microsoft Visual Studio Solution File, Format Version 12.00
# Visual Studio 2012
Project("{FAE04EC0-301F-11D3-BF4B-00C04F79EFBC}") = "1.School", "School\1.School.csproj", "{523B9CC4-F5CA-4A40-877C-B44DC3FF1C9B}"
EndProject
Project("{FAE04EC0-301F-11D3-BF4B-00C04F79EFBC}") = "2.Human", "Human\2.Human.csproj", "{17409725-0B79-46E6-92C7-D0A7916D535D}"
EndProject
Project("{FAE04EC0-301F-11D3-BF4B-00C04F79EFBC}") = "AnimalHierarchy", "AnimalHierarchy\AnimalHierarchy.csproj", "{B0D44F34-5206-4078-A73C-1A3C4370C156}"
EndProject
Global
	GlobalSection(SolutionConfigurationPlatforms) = preSolution
		Debug|Any CPU = Debug|Any CPU
		Release|Any CPU = Release|Any CPU
	EndGlobalSection
	GlobalSection(ProjectConfigurationPlatforms) = postSolution
		{523B9CC4-F5CA-4A40-877C-B44DC3FF1C9B}.Debug|Any CPU.ActiveCfg = Debug|Any CPU
		{523B9CC4-F5CA-4A40-877C-B44DC3FF1C9B}.Debug|Any CPU.Build.0 = Debug|Any CPU
		{523B9CC4-F5CA-4A40-877C-B44DC3FF1C9B}.Release|Any CPU.ActiveCfg = Release|Any CPU
		{523B9CC4-F5CA-4A40-877C-B44DC3FF1C9B}.Release|Any CPU.Build.0 = Release|Any CPU
		{17409725-0B79-46E6-92C7-D0A7916D535D}.Debug|Any CPU.ActiveCfg = Debug|Any CPU
		{17409725-0B79-46E6-92C7-D0A7916D535D}.Debug|Any CPU.Build.0 = Debug|Any CPU
		{17409725-0B79-46E6-92C7-D0A7916D535D}.Release|Any CPU.ActiveCfg = Release|Any CPU
		{17409725-0B79-46E6-92C7-D0A7916D535D}.Release|Any CPU.Build.0 = Release|Any CPU
		{B0D44F34-5206-4078-A73C-1A3C4370C156}.Debug|Any CPU.ActiveCfg = Debug|Any CPU
		{B0D44F34-5206-4078-A73C-1A3C4370C156}.Debug|Any CPU.Build.0 = Debug|Any CPU
		{B0D44F34-5206-4078-A73C-1A3C4370C156}.Release|Any CPU.ActiveCfg = Release|Any CPU
		{B0D44F34-5206-4078-A73C-1A3C4370C156}.Release|Any CPU.Build.0 = Release|Any CPU
	EndGlobalSection
	GlobalSection(SolutionProperties) = preSolution
		HideSolutionNode = FALSE
	EndGlobalSection
EndGlobal
