
Microsoft Visual Studio Solution File, Format Version 12.00
# Visual Studio 2012
Project("{FAE04EC0-301F-11D3-BF4B-00C04F79EFBC}") = "1.Shape", "Shape\1.Shape.csproj", "{75AFFA07-8675-4848-8F8A-36A7C9349C45}"
EndProject
Project("{FAE04EC0-301F-11D3-BF4B-00C04F79EFBC}") = "2.Bank", "Bank\2.Bank.csproj", "{EC18DC3C-3572-4980-992C-FB5E95613311}"
EndProject
Global
	GlobalSection(SolutionConfigurationPlatforms) = preSolution
		Debug|Any CPU = Debug|Any CPU
		Release|Any CPU = Release|Any CPU
	EndGlobalSection
	GlobalSection(ProjectConfigurationPlatforms) = postSolution
		{75AFFA07-8675-4848-8F8A-36A7C9349C45}.Debug|Any CPU.ActiveCfg = Debug|Any CPU
		{75AFFA07-8675-4848-8F8A-36A7C9349C45}.Debug|Any CPU.Build.0 = Debug|Any CPU
		{75AFFA07-8675-4848-8F8A-36A7C9349C45}.Release|Any CPU.ActiveCfg = Release|Any CPU
		{75AFFA07-8675-4848-8F8A-36A7C9349C45}.Release|Any CPU.Build.0 = Release|Any CPU
		{EC18DC3C-3572-4980-992C-FB5E95613311}.Debug|Any CPU.ActiveCfg = Debug|Any CPU
		{EC18DC3C-3572-4980-992C-FB5E95613311}.Debug|Any CPU.Build.0 = Debug|Any CPU
		{EC18DC3C-3572-4980-992C-FB5E95613311}.Release|Any CPU.ActiveCfg = Release|Any CPU
		{EC18DC3C-3572-4980-992C-FB5E95613311}.Release|Any CPU.Build.0 = Release|Any CPU
	EndGlobalSection
	GlobalSection(SolutionProperties) = preSolution
		HideSolutionNode = FALSE
	EndGlobalSection
EndGlobal
